# requirements.lock — 依赖版本锁定(2025 年,Python 3.13,Windows venv 解析)
#
# 用途:保证部署可复现(requirements.txt 全部为 >=,裸装结果不可控)。
# 重新生成:在目标部署环境执行 `python -m pip freeze > requirements.lock`,
# 然后按下面的分组说明核对剔除 IDE/平台注入的无关包
# (本环境中的 pylance / lance-namespace / numpy / pyarrow / pydantic 等)。
#
# —— 顶层依赖(requirements.txt 声明的直接依赖,建议保持两者同步)——
flask==3.1.3
flask-cors==6.0.5
flask-wtf==1.3.0
redis==8.1.0
psutil==7.2.2
filelock==3.32.4
pyzipper==0.4.0
py7zr==1.1.3
requests==2.34.2
pycryptodome==3.23.0
gunicorn==26.2.0

# —— 测试依赖(可选,运行 tests/ 需要)——
pytest==9.1.1
iniconfig==2.3.0
packaging==26.3
pluggy==1.6.0
colorama==0.4.6

# —— 传递依赖(pip 自动解析结果)——
backports.zstd==1.7.0
blinker==1.9.0
brotli==1.2.0
certifi==2026.7.22
charset-normalizer==3.5.1
click==8.5.0
idna==3.19
inflate64==1.0.4
itsdangerous==2.2.0
Jinja2==3.1.6
MarkupSafe==3.0.3
multivolumefile==0.2.3
pybcj==1.0.8
pycryptodomex==3.23.0
pyppmd==1.3.1
six==1.17.0
texttable==1.7.0
urllib3==2.7.0
Werkzeug==3.1.8
WTForms==3.2.2
